// !$*UTF8*$!
{
	archiveVersion = 1;
	classes = {
	};
	objectVersion = 77;
	objects = {

/* Begin PBXBuildFile section */
		C6B46D5D2D600C97006DF6FE /* FavoritesTableViewCell.swift in Sources */ = {isa = PBXBuildFile; fileRef = C6B46D5B2D600C97006DF6FE /* FavoritesTableViewCell.swift */; };
		C6B46D5E2D600C97006DF6FE /* FavoritesTableViewCell.xib in Resources */ = {isa = PBXBuildFile; fileRef = C6B46D5C2D600C97006DF6FE /* FavoritesTableViewCell.xib */; };
		C6B46D602D60AE10006DF6FE /* FavoritesService.swift in Sources */ = {isa = PBXBuildFile; fileRef = C6B46D5F2D60AE10006DF6FE /* FavoritesService.swift */; };
		C6B46D622D60C312006DF6FE /* DropdownMenuView.swift in Sources */ = {isa = PBXBuildFile; fileRef = C6B46D612D60C312006DF6FE /* DropdownMenuView.swift */; };
		C6B46D642D60CD4C006DF6FE /* Bundle.swift in Sources */ = {isa = PBXBuildFile; fileRef = C6B46D632D60CD4C006DF6FE /* Bundle.swift */; };
		C6B46D662D613AFC006DF6FE /* UserDeffaultsKeys.swift in Sources */ = {isa = PBXBuildFile; fileRef = C6B46D652D613AFC006DF6FE /* UserDeffaultsKeys.swift */; };
		C6DFD3222D58C54800B2A893 /* AppDelegate.swift in Sources */ = {isa = PBXBuildFile; fileRef = C6DFD3182D58C54800B2A893 /* AppDelegate.swift */; };
		C6DFD3242D58C54800B2A893 /* SceneDelegate.swift in Sources */ = {isa = PBXBuildFile; fileRef = C6DFD31E2D58C54800B2A893 /* SceneDelegate.swift */; };
		C6DFD3252D58C54800B2A893 /* MainVC.swift in Sources */ = {isa = PBXBuildFile; fileRef = C6DFD31F2D58C54800B2A893 /* MainVC.swift */; };
		C6DFD3262D58C54800B2A893 /* Assets.xcassets in Resources */ = {isa = PBXBuildFile; fileRef = C6DFD3192D58C54800B2A893 /* Assets.xcassets */; };
		C6DFD3282D58C54800B2A893 /* LaunchScreen.storyboard in Resources */ = {isa = PBXBuildFile; fileRef = C6DFD31D2D58C54800B2A893 /* LaunchScreen.storyboard */; };
		C6DFD32F2D58C66C00B2A893 /* Park.swift in Sources */ = {isa = PBXBuildFile; fileRef = C6DFD32E2D58C66C00B2A893 /* Park.swift */; };
		C6DFD3312D58C67200B2A893 /* ParkDetails.swift in Sources */ = {isa = PBXBuildFile; fileRef = C6DFD3302D58C67200B2A893 /* ParkDetails.swift */; };
		C6DFD3332D58C91100B2A893 /* ParkMapView.swift in Sources */ = {isa = PBXBuildFile; fileRef = C6DFD3322D58C91100B2A893 /* ParkMapView.swift */; };
		C6DFD33C2D58FC3300B2A893 /* SideBarVC.swift in Sources */ = {isa = PBXBuildFile; fileRef = C6DFD33A2D58FC3300B2A893 /* SideBarVC.swift */; };
		C6DFD33D2D58FC3300B2A893 /* SideBarVC.xib in Resources */ = {isa = PBXBuildFile; fileRef = C6DFD33B2D58FC3300B2A893 /* SideBarVC.xib */; };
		C6DFD3422D5919BD00B2A893 /* SearchVC.swift in Sources */ = {isa = PBXBuildFile; fileRef = C6DFD3402D5919BD00B2A893 /* SearchVC.swift */; };
		C6DFD3432D5919BD00B2A893 /* SearchVC.xib in Resources */ = {isa = PBXBuildFile; fileRef = C6DFD3412D5919BD00B2A893 /* SearchVC.xib */; };
		C6DFD3452D591EB300B2A893 /* SearchVCPresentation.swift in Sources */ = {isa = PBXBuildFile; fileRef = C6DFD3442D591EB300B2A893 /* SearchVCPresentation.swift */; };
		C6DFD3472D59231700B2A893 /* Constants.swift in Sources */ = {isa = PBXBuildFile; fileRef = C6DFD3462D59231700B2A893 /* Constants.swift */; };
		C6DFD3492D592EE400B2A893 /* Notifications.swift in Sources */ = {isa = PBXBuildFile; fileRef = C6DFD3482D592EE400B2A893 /* Notifications.swift */; };
		C6DFD34B2D5A03BC00B2A893 /* ParkService.swift in Sources */ = {isa = PBXBuildFile; fileRef = C6DFD34A2D5A03BC00B2A893 /* ParkService.swift */; };
		C6DFD34D2D5A0ADA00B2A893 /* UrlEndpoints.swift in Sources */ = {isa = PBXBuildFile; fileRef = C6DFD34C2D5A0ADA00B2A893 /* UrlEndpoints.swift */; };
		C6DFD34F2D5A0CC400B2A893 /* MapVM.swift in Sources */ = {isa = PBXBuildFile; fileRef = C6DFD34E2D5A0CC400B2A893 /* MapVM.swift */; };
		C6DFD3522D5A518D00B2A893 /* ParkAnnotation.swift in Sources */ = {isa = PBXBuildFile; fileRef = C6DFD3512D5A518D00B2A893 /* ParkAnnotation.swift */; };
		C6DFD35C2D5A578200B2A893 /* ParkAnnotationView.swift in Sources */ = {isa = PBXBuildFile; fileRef = C6DFD35B2D5A578200B2A893 /* ParkAnnotationView.swift */; };
		C6DFD35E2D5B4DEA00B2A893 /* Alerts.swift in Sources */ = {isa = PBXBuildFile; fileRef = C6DFD35D2D5B4DEA00B2A893 /* Alerts.swift */; };
		C6DFD3602D5B95DA00B2A893 /* LoadingView.swift in Sources */ = {isa = PBXBuildFile; fileRef = C6DFD35F2D5B95DA00B2A893 /* LoadingView.swift */; };
		C6DFD3712D5BC33500B2A893 /* Localizable.strings in Resources */ = {isa = PBXBuildFile; fileRef = C6DFD36F2D5BC33500B2A893 /* Localizable.strings */; };
		C6DFD37B2D5BD12D00B2A893 /* ParkDetailsVC.swift in Sources */ = {isa = PBXBuildFile; fileRef = C6DFD3792D5BD12D00B2A893 /* ParkDetailsVC.swift */; };
		C6DFD37E2D5C0BFA00B2A893 /* HapticFeedBackManager.swift in Sources */ = {isa = PBXBuildFile; fileRef = C6DFD37D2D5C0BFA00B2A893 /* HapticFeedBackManager.swift */; };
		C6DFD3862D5CB16B00B2A893 /* DetailsContentView.xib in Resources */ = {isa = PBXBuildFile; fileRef = C6DFD3852D5CB16B00B2A893 /* DetailsContentView.xib */; };
		C6DFD3882D5CB20A00B2A893 /* DetailsContentView.swift in Sources */ = {isa = PBXBuildFile; fileRef = C6DFD3872D5CB20A00B2A893 /* DetailsContentView.swift */; };
		C6DFD38D2D5CF2E200B2A893 /* PriceListCell.swift in Sources */ = {isa = PBXBuildFile; fileRef = C6DFD38B2D5CF2E200B2A893 /* PriceListCell.swift */; };
		C6DFD38E2D5CF2E200B2A893 /* PriceListCell.xib in Resources */ = {isa = PBXBuildFile; fileRef = C6DFD38C2D5CF2E200B2A893 /* PriceListCell.xib */; };
		C6DFD3922D5D4B9200B2A893 /* ilceler.json in Sources */ = {isa = PBXBuildFile; fileRef = C6DFD3912D5D4B9200B2A893 /* ilceler.json */; };
		C6DFD3942D5D4E5C00B2A893 /* SearchVM.swift in Sources */ = {isa = PBXBuildFile; fileRef = C6DFD3932D5D4E5B00B2A893 /* SearchVM.swift */; };
		C6DFD3962D5D501900B2A893 /* District.swift in Sources */ = {isa = PBXBuildFile; fileRef = C6DFD3952D5D501900B2A893 /* District.swift */; };
		C6DFD3972D5D54E000B2A893 /* ilceler.json in Resources */ = {isa = PBXBuildFile; fileRef = C6DFD3912D5D4B9200B2A893 /* ilceler.json */; };
		C6DFD3992D5E1A2200B2A893 /* SearchHistoryService.swift in Sources */ = {isa = PBXBuildFile; fileRef = C6DFD3982D5E1A2200B2A893 /* SearchHistoryService.swift */; };
		C6DFD39C2D5E20CB00B2A893 /* HistoryCollectionViewCell.swift in Sources */ = {isa = PBXBuildFile; fileRef = C6DFD39A2D5E20CB00B2A893 /* HistoryCollectionViewCell.swift */; };
		C6DFD39D2D5E20CB00B2A893 /* HistoryCollectionViewCell.xib in Resources */ = {isa = PBXBuildFile; fileRef = C6DFD39B2D5E20CB00B2A893 /* HistoryCollectionViewCell.xib */; };
		C6DFD3A02D5F792900B2A893 /* SearchListCell.swift in Sources */ = {isa = PBXBuildFile; fileRef = C6DFD39E2D5F792900B2A893 /* SearchListCell.swift */; };
		C6DFD3A12D5F792900B2A893 /* SearchListCell.xib in Resources */ = {isa = PBXBuildFile; fileRef = C6DFD39F2D5F792900B2A893 /* SearchListCell.xib */; };
/* End PBXBuildFile section */

/* Begin PBXFileReference section */
		C6B46D5B2D600C97006DF6FE /* FavoritesTableViewCell.swift */ = {isa = PBXFileReference; lastKnownFileType = sourcecode.swift; path = FavoritesTableViewCell.swift; sourceTree = "<group>"; };
		C6B46D5C2D600C97006DF6FE /* FavoritesTableViewCell.xib */ = {isa = PBXFileReference; lastKnownFileType = file.xib; path = FavoritesTableViewCell.xib; sourceTree = "<group>"; };
		C6B46D5F2D60AE10006DF6FE /* FavoritesService.swift */ = {isa = PBXFileReference; lastKnownFileType = sourcecode.swift; path = FavoritesService.swift; sourceTree = "<group>"; };
		C6B46D612D60C312006DF6FE /* DropdownMenuView.swift */ = {isa = PBXFileReference; lastKnownFileType = sourcecode.swift; path = DropdownMenuView.swift; sourceTree = "<group>"; };
		C6B46D632D60CD4C006DF6FE /* Bundle.swift */ = {isa = PBXFileReference; lastKnownFileType = sourcecode.swift; path = Bundle.swift; sourceTree = "<group>"; };
		C6B46D652D613AFC006DF6FE /* UserDeffaultsKeys.swift */ = {isa = PBXFileReference; lastKnownFileType = sourcecode.swift; path = UserDeffaultsKeys.swift; sourceTree = "<group>"; };
		C6DFD2FD2D58C52100B2A893 /* FastPark.app */ = {isa = PBXFileReference; explicitFileType = wrapper.application; includeInIndex = 0; path = FastPark.app; sourceTree = BUILT_PRODUCTS_DIR; };
		C6DFD3182D58C54800B2A893 /* AppDelegate.swift */ = {isa = PBXFileReference; lastKnownFileType = sourcecode.swift; path = AppDelegate.swift; sourceTree = "<group>"; };
		C6DFD3192D58C54800B2A893 /* Assets.xcassets */ = {isa = PBXFileReference; lastKnownFileType = folder.assetcatalog; path = Assets.xcassets; sourceTree = "<group>"; };
		C6DFD31B2D58C54800B2A893 /* Info.plist */ = {isa = PBXFileReference; lastKnownFileType = text.plist.xml; path = Info.plist; sourceTree = "<group>"; };
		C6DFD31C2D58C54800B2A893 /* Base */ = {isa = PBXFileReference; lastKnownFileType = file.storyboard; name = Base; path = Base.lproj/LaunchScreen.storyboard; sourceTree = "<group>"; };
		C6DFD31E2D58C54800B2A893 /* SceneDelegate.swift */ = {isa = PBXFileReference; lastKnownFileType = sourcecode.swift; path = SceneDelegate.swift; sourceTree = "<group>"; };
		C6DFD31F2D58C54800B2A893 /* MainVC.swift */ = {isa = PBXFileReference; lastKnownFileType = sourcecode.swift; path = MainVC.swift; sourceTree = "<group>"; };
		C6DFD32E2D58C66C00B2A893 /* Park.swift */ = {isa = PBXFileReference; lastKnownFileType = sourcecode.swift; path = Park.swift; sourceTree = "<group>"; };
		C6DFD3302D58C67200B2A893 /* ParkDetails.swift */ = {isa = PBXFileReference; lastKnownFileType = sourcecode.swift; path = ParkDetails.swift; sourceTree = "<group>"; };
		C6DFD3322D58C91100B2A893 /* ParkMapView.swift */ = {isa = PBXFileReference; lastKnownFileType = sourcecode.swift; path = ParkMapView.swift; sourceTree = "<group>"; };
		C6DFD33A2D58FC3300B2A893 /* SideBarVC.swift */ = {isa = PBXFileReference; lastKnownFileType = sourcecode.swift; path = SideBarVC.swift; sourceTree = "<group>"; };
		C6DFD33B2D58FC3300B2A893 /* SideBarVC.xib */ = {isa = PBXFileReference; lastKnownFileType = file.xib; path = SideBarVC.xib; sourceTree = "<group>"; };
		C6DFD3402D5919BD00B2A893 /* SearchVC.swift */ = {isa = PBXFileReference; lastKnownFileType = sourcecode.swift; path = SearchVC.swift; sourceTree = "<group>"; };
		C6DFD3412D5919BD00B2A893 /* SearchVC.xib */ = {isa = PBXFileReference; lastKnownFileType = file.xib; path = SearchVC.xib; sourceTree = "<group>"; };
		C6DFD3442D591EB300B2A893 /* SearchVCPresentation.swift */ = {isa = PBXFileReference; lastKnownFileType = sourcecode.swift; path = SearchVCPresentation.swift; sourceTree = "<group>"; };
		C6DFD3462D59231700B2A893 /* Constants.swift */ = {isa = PBXFileReference; lastKnownFileType = sourcecode.swift; path = Constants.swift; sourceTree = "<group>"; };
		C6DFD3482D592EE400B2A893 /* Notifications.swift */ = {isa = PBXFileReference; lastKnownFileType = sourcecode.swift; path = Notifications.swift; sourceTree = "<group>"; };
		C6DFD34A2D5A03BC00B2A893 /* ParkService.swift */ = {isa = PBXFileReference; lastKnownFileType = sourcecode.swift; path = ParkService.swift; sourceTree = "<group>"; };
		C6DFD34C2D5A0ADA00B2A893 /* UrlEndpoints.swift */ = {isa = PBXFileReference; lastKnownFileType = sourcecode.swift; path = UrlEndpoints.swift; sourceTree = "<group>"; };
		C6DFD34E2D5A0CC400B2A893 /* MapVM.swift */ = {isa = PBXFileReference; lastKnownFileType = sourcecode.swift; path = MapVM.swift; sourceTree = "<group>"; };
		C6DFD3512D5A518D00B2A893 /* ParkAnnotation.swift */ = {isa = PBXFileReference; lastKnownFileType = sourcecode.swift; path = ParkAnnotation.swift; sourceTree = "<group>"; };
		C6DFD35B2D5A578200B2A893 /* ParkAnnotationView.swift */ = {isa = PBXFileReference; lastKnownFileType = sourcecode.swift; path = ParkAnnotationView.swift; sourceTree = "<group>"; };
		C6DFD35D2D5B4DEA00B2A893 /* Alerts.swift */ = {isa = PBXFileReference; lastKnownFileType = sourcecode.swift; path = Alerts.swift; sourceTree = "<group>"; };
		C6DFD35F2D5B95DA00B2A893 /* LoadingView.swift */ = {isa = PBXFileReference; lastKnownFileType = sourcecode.swift; path = LoadingView.swift; sourceTree = "<group>"; };
		C6DFD3702D5BC33500B2A893 /* en */ = {isa = PBXFileReference; lastKnownFileType = text.plist.strings; name = en; path = FastPark/en.lproj/Localizable.strings; sourceTree = SOURCE_ROOT; };
		C6DFD3762D5BC39800B2A893 /* tr */ = {isa = PBXFileReference; lastKnownFileType = text.plist.strings; name = tr; path = ../tr.lproj/Localizable.strings; sourceTree = "<group>"; };
		C6DFD3792D5BD12D00B2A893 /* ParkDetailsVC.swift */ = {isa = PBXFileReference; lastKnownFileType = sourcecode.swift; path = ParkDetailsVC.swift; sourceTree = "<group>"; };
		C6DFD37D2D5C0BFA00B2A893 /* HapticFeedBackManager.swift */ = {isa = PBXFileReference; lastKnownFileType = sourcecode.swift; path = HapticFeedBackManager.swift; sourceTree = "<group>"; };
		C6DFD3852D5CB16B00B2A893 /* DetailsContentView.xib */ = {isa = PBXFileReference; lastKnownFileType = file.xib; path = DetailsContentView.xib; sourceTree = "<group>"; };
		C6DFD3872D5CB20A00B2A893 /* DetailsContentView.swift */ = {isa = PBXFileReference; lastKnownFileType = sourcecode.swift; path = DetailsContentView.swift; sourceTree = "<group>"; };
		C6DFD38B2D5CF2E200B2A893 /* PriceListCell.swift */ = {isa = PBXFileReference; lastKnownFileType = sourcecode.swift; path = PriceListCell.swift; sourceTree = "<group>"; };
		C6DFD38C2D5CF2E200B2A893 /* PriceListCell.xib */ = {isa = PBXFileReference; lastKnownFileType = file.xib; path = PriceListCell.xib; sourceTree = "<group>"; };
		C6DFD3912D5D4B9200B2A893 /* ilceler.json */ = {isa = PBXFileReference; lastKnownFileType = text.json; path = ilceler.json; sourceTree = "<group>"; };
		C6DFD3932D5D4E5B00B2A893 /* SearchVM.swift */ = {isa = PBXFileReference; lastKnownFileType = sourcecode.swift; path = SearchVM.swift; sourceTree = "<group>"; };
		C6DFD3952D5D501900B2A893 /* District.swift */ = {isa = PBXFileReference; lastKnownFileType = sourcecode.swift; path = District.swift; sourceTree = "<group>"; };
		C6DFD3982D5E1A2200B2A893 /* SearchHistoryService.swift */ = {isa = PBXFileReference; lastKnownFileType = sourcecode.swift; path = SearchHistoryService.swift; sourceTree = "<group>"; };
		C6DFD39A2D5E20CB00B2A893 /* HistoryCollectionViewCell.swift */ = {isa = PBXFileReference; lastKnownFileType = sourcecode.swift; path = HistoryCollectionViewCell.swift; sourceTree = "<group>"; };
		C6DFD39B2D5E20CB00B2A893 /* HistoryCollectionViewCell.xib */ = {isa = PBXFileReference; lastKnownFileType = file.xib; path = HistoryCollectionViewCell.xib; sourceTree = "<group>"; };
		C6DFD39E2D5F792900B2A893 /* SearchListCell.swift */ = {isa = PBXFileReference; lastKnownFileType = sourcecode.swift; path = SearchListCell.swift; sourceTree = "<group>"; };
		C6DFD39F2D5F792900B2A893 /* SearchListCell.xib */ = {isa = PBXFileReference; lastKnownFileType = file.xib; path = SearchListCell.xib; sourceTree = "<group>"; };
/* End PBXFileReference section */

/* Begin PBXFrameworksBuildPhase section */
		C6DFD2FA2D58C52100B2A893 /* Frameworks */ = {
			isa = PBXFrameworksBuildPhase;
			buildActionMask = 2147483647;
			files = (
			);
			runOnlyForDeploymentPostprocessing = 0;
		};
/* End PBXFrameworksBuildPhase section */

/* Begin PBXGroup section */
		C6DFD2F42D58C52100B2A893 = {
			isa = PBXGroup;
			children = (
				C6DFD3202D58C54800B2A893 /* FastPark */,
				C6DFD2FE2D58C52100B2A893 /* Products */,
			);
			sourceTree = "<group>";
		};
		C6DFD2FE2D58C52100B2A893 /* Products */ = {
			isa = PBXGroup;
			children = (
				C6DFD2FD2D58C52100B2A893 /* FastPark.app */,
			);
			name = Products;
			sourceTree = "<group>";
		};
		C6DFD3202D58C54800B2A893 /* FastPark */ = {
			isa = PBXGroup;
			children = (
				C6DFD3622D5BBC7B00B2A893 /* Localization */,
				C6DFD3382D58D14600B2A893 /* Helpers */,
				C6DFD32D2D58C62800B2A893 /* App */,
				C6DFD32C2D58C56900B2A893 /* Resources */,
				C6DFD3392D58D15900B2A893 /* Network */,
				C6DFD32B2D58C55300B2A893 /* ViewModel */,
				C6DFD32A2D58C55000B2A893 /* View */,
				C6DFD3292D58C54B00B2A893 /* Model */,
			);
			path = FastPark;
			sourceTree = "<group>";
		};
		C6DFD3292D58C54B00B2A893 /* Model */ = {
			isa = PBXGroup;
			children = (
				C6DFD32E2D58C66C00B2A893 /* Park.swift */,
				C6DFD3302D58C67200B2A893 /* ParkDetails.swift */,
				C6DFD3952D5D501900B2A893 /* District.swift */,
			);
			path = Model;
			sourceTree = "<group>";
		};
		C6DFD32A2D58C55000B2A893 /* View */ = {
			isa = PBXGroup;
			children = (
				C6DFD3352D58CA7600B2A893 /* Controllers */,
				C6DFD3342D58CA6A00B2A893 /* CustomViews */,
			);
			path = View;
			sourceTree = "<group>";
		};
		C6DFD32B2D58C55300B2A893 /* ViewModel */ = {
			isa = PBXGroup;
			children = (
				C6DFD34E2D5A0CC400B2A893 /* MapVM.swift */,
				C6DFD3932D5D4E5B00B2A893 /* SearchVM.swift */,
			);
			path = ViewModel;
			sourceTree = "<group>";
		};
		C6DFD32C2D58C56900B2A893 /* Resources */ = {
			isa = PBXGroup;
			children = (
				C6DFD31D2D58C54800B2A893 /* LaunchScreen.storyboard */,
				C6DFD3192D58C54800B2A893 /* Assets.xcassets */,
				C6DFD31B2D58C54800B2A893 /* Info.plist */,
				C6DFD3912D5D4B9200B2A893 /* ilceler.json */,
			);
			path = Resources;
			sourceTree = "<group>";
		};
		C6DFD32D2D58C62800B2A893 /* App */ = {
			isa = PBXGroup;
			children = (
				C6DFD3182D58C54800B2A893 /* AppDelegate.swift */,
				C6DFD31E2D58C54800B2A893 /* SceneDelegate.swift */,
				C6B46D632D60CD4C006DF6FE /* Bundle.swift */,
			);
			path = App;
			sourceTree = "<group>";
		};
		C6DFD3342D58CA6A00B2A893 /* CustomViews */ = {
			isa = PBXGroup;
			children = (
				C6DFD3502D5A517600B2A893 /* Annotation */,
				C6DFD3322D58C91100B2A893 /* ParkMapView.swift */,
				C6DFD3852D5CB16B00B2A893 /* DetailsContentView.xib */,
				C6DFD3872D5CB20A00B2A893 /* DetailsContentView.swift */,
				C6DFD38B2D5CF2E200B2A893 /* PriceListCell.swift */,
				C6DFD38C2D5CF2E200B2A893 /* PriceListCell.xib */,
				C6DFD39A2D5E20CB00B2A893 /* HistoryCollectionViewCell.swift */,
				C6DFD39B2D5E20CB00B2A893 /* HistoryCollectionViewCell.xib */,
				C6DFD39E2D5F792900B2A893 /* SearchListCell.swift */,
				C6DFD39F2D5F792900B2A893 /* SearchListCell.xib */,
				C6B46D5B2D600C97006DF6FE /* FavoritesTableViewCell.swift */,
				C6B46D5C2D600C97006DF6FE /* FavoritesTableViewCell.xib */,
				C6B46D612D60C312006DF6FE /* DropdownMenuView.swift */,
			);
			path = CustomViews;
			sourceTree = "<group>";
		};
		C6DFD3352D58CA7600B2A893 /* Controllers */ = {
			isa = PBXGroup;
			children = (
				C6DFD31F2D58C54800B2A893 /* MainVC.swift */,
				C6DFD33A2D58FC3300B2A893 /* SideBarVC.swift */,
				C6DFD33B2D58FC3300B2A893 /* SideBarVC.xib */,
				C6DFD3402D5919BD00B2A893 /* SearchVC.swift */,
				C6DFD3412D5919BD00B2A893 /* SearchVC.xib */,
				C6DFD3792D5BD12D00B2A893 /* ParkDetailsVC.swift */,
			);
			path = Controllers;
			sourceTree = "<group>";
		};
		C6DFD3382D58D14600B2A893 /* Helpers */ = {
			isa = PBXGroup;
			children = (
				C6DFD3442D591EB300B2A893 /* SearchVCPresentation.swift */,
				C6DFD3462D59231700B2A893 /* Constants.swift */,
				C6DFD3482D592EE400B2A893 /* Notifications.swift */,
				C6DFD35D2D5B4DEA00B2A893 /* Alerts.swift */,
				C6DFD35F2D5B95DA00B2A893 /* LoadingView.swift */,
				C6DFD37D2D5C0BFA00B2A893 /* HapticFeedBackManager.swift */,
				C6B46D652D613AFC006DF6FE /* UserDeffaultsKeys.swift */,
			);
			path = Helpers;
			sourceTree = "<group>";
		};
		C6DFD3392D58D15900B2A893 /* Network */ = {
			isa = PBXGroup;
			children = (
				C6DFD34C2D5A0ADA00B2A893 /* UrlEndpoints.swift */,
				C6DFD34A2D5A03BC00B2A893 /* ParkService.swift */,
				C6DFD3982D5E1A2200B2A893 /* SearchHistoryService.swift */,
				C6B46D5F2D60AE10006DF6FE /* FavoritesService.swift */,
			);
			path = Network;
			sourceTree = "<group>";
		};
		C6DFD3502D5A517600B2A893 /* Annotation */ = {
			isa = PBXGroup;
			children = (
				C6DFD3512D5A518D00B2A893 /* ParkAnnotation.swift */,
				C6DFD35B2D5A578200B2A893 /* ParkAnnotationView.swift */,
			);
			path = Annotation;
			sourceTree = "<group>";
		};
		C6DFD3622D5BBC7B00B2A893 /* Localization */ = {
			isa = PBXGroup;
			children = (
				C6DFD36F2D5BC33500B2A893 /* Localizable.strings */,
			);
			path = Localization;
			sourceTree = "<group>";
		};
/* End PBXGroup section */

/* Begin PBXNativeTarget section */
		C6DFD2FC2D58C52100B2A893 /* FastPark */ = {
			isa = PBXNativeTarget;
			buildConfigurationList = C6DFD3132D58C52200B2A893 /* Build configuration list for PBXNativeTarget "FastPark" */;
			buildPhases = (
				C6DFD2F92D58C52100B2A893 /* Sources */,
				C6DFD2FA2D58C52100B2A893 /* Frameworks */,
				C6DFD2FB2D58C52100B2A893 /* Resources */,
			);
			buildRules = (
			);
			dependencies = (
			);
			name = FastPark;
			packageProductDependencies = (
			);
			productName = FastPark;
			productReference = C6DFD2FD2D58C52100B2A893 /* FastPark.app */;
			productType = "com.apple.product-type.application";
		};
/* End PBXNativeTarget section */

/* Begin PBXProject section */
		C6DFD2F52D58C52100B2A893 /* Project object */ = {
			isa = PBXProject;
			attributes = {
				BuildIndependentTargetsInParallel = 1;
				LastSwiftUpdateCheck = 1610;
				LastUpgradeCheck = 1610;
				TargetAttributes = {
					C6DFD2FC2D58C52100B2A893 = {
						CreatedOnToolsVersion = 16.1;
					};
				};
			};
			buildConfigurationList = C6DFD2F82D58C52100B2A893 /* Build configuration list for PBXProject "FastPark" */;
			developmentRegion = en;
			hasScannedForEncodings = 0;
			knownRegions = (
				en,
				Base,
				tr,
			);
			mainGroup = C6DFD2F42D58C52100B2A893;
			minimizedProjectReferenceProxies = 1;
			preferredProjectObjectVersion = 77;
			productRefGroup = C6DFD2FE2D58C52100B2A893 /* Products */;
			projectDirPath = "";
			projectRoot = "";
			targets = (
				C6DFD2FC2D58C52100B2A893 /* FastPark */,
			);
		};
/* End PBXProject section */

/* Begin PBXResourcesBuildPhase section */
		C6DFD2FB2D58C52100B2A893 /* Resources */ = {
			isa = PBXResourcesBuildPhase;
			buildActionMask = 2147483647;
			files = (
				C6B46D5E2D600C97006DF6FE /* FavoritesTableViewCell.xib in Resources */,
				C6DFD3972D5D54E000B2A893 /* ilceler.json in Resources */,
				C6DFD38E2D5CF2E200B2A893 /* PriceListCell.xib in Resources */,
				C6DFD3712D5BC33500B2A893 /* Localizable.strings in Resources */,
				C6DFD39D2D5E20CB00B2A893 /* HistoryCollectionViewCell.xib in Resources */,
				C6DFD3862D5CB16B00B2A893 /* DetailsContentView.xib in Resources */,
				C6DFD3432D5919BD00B2A893 /* SearchVC.xib in Resources */,
				C6DFD3262D58C54800B2A893 /* Assets.xcassets in Resources */,
				C6DFD3A12D5F792900B2A893 /* SearchListCell.xib in Resources */,
				C6DFD33D2D58FC3300B2A893 /* SideBarVC.xib in Resources */,
				C6DFD3282D58C54800B2A893 /* LaunchScreen.storyboard in Resources */,
			);
			runOnlyForDeploymentPostprocessing = 0;
		};
/* End PBXResourcesBuildPhase section */

/* Begin PBXSourcesBuildPhase section */
		C6DFD2F92D58C52100B2A893 /* Sources */ = {
			isa = PBXSourcesBuildPhase;
			buildActionMask = 2147483647;
			files = (
				C6DFD3492D592EE400B2A893 /* Notifications.swift in Sources */,
				C6B46D642D60CD4C006DF6FE /* Bundle.swift in Sources */,
				C6DFD3942D5D4E5C00B2A893 /* SearchVM.swift in Sources */,
				C6DFD38D2D5CF2E200B2A893 /* PriceListCell.swift in Sources */,
				C6DFD3222D58C54800B2A893 /* AppDelegate.swift in Sources */,
				C6DFD3472D59231700B2A893 /* Constants.swift in Sources */,
				C6DFD3A02D5F792900B2A893 /* SearchListCell.swift in Sources */,
				C6B46D622D60C312006DF6FE /* DropdownMenuView.swift in Sources */,
				C6DFD39C2D5E20CB00B2A893 /* HistoryCollectionViewCell.swift in Sources */,
				C6DFD3922D5D4B9200B2A893 /* ilceler.json in Sources */,
				C6B46D662D613AFC006DF6FE /* UserDeffaultsKeys.swift in Sources */,
				C6DFD35C2D5A578200B2A893 /* ParkAnnotationView.swift in Sources */,
				C6DFD34D2D5A0ADA00B2A893 /* UrlEndpoints.swift in Sources */,
				C6DFD32F2D58C66C00B2A893 /* Park.swift in Sources */,
				C6DFD3422D5919BD00B2A893 /* SearchVC.swift in Sources */,
				C6DFD3312D58C67200B2A893 /* ParkDetails.swift in Sources */,
				C6DFD3522D5A518D00B2A893 /* ParkAnnotation.swift in Sources */,
				C6DFD3242D58C54800B2A893 /* SceneDelegate.swift in Sources */,
				C6B46D602D60AE10006DF6FE /* FavoritesService.swift in Sources */,
				C6DFD3452D591EB300B2A893 /* SearchVCPresentation.swift in Sources */,
				C6DFD3992D5E1A2200B2A893 /* SearchHistoryService.swift in Sources */,
				C6DFD34F2D5A0CC400B2A893 /* MapVM.swift in Sources */,
				C6DFD33C2D58FC3300B2A893 /* SideBarVC.swift in Sources */,
				C6B46D5D2D600C97006DF6FE /* FavoritesTableViewCell.swift in Sources */,
				C6DFD3332D58C91100B2A893 /* ParkMapView.swift in Sources */,
				C6DFD34B2D5A03BC00B2A893 /* ParkService.swift in Sources */,
				C6DFD3962D5D501900B2A893 /* District.swift in Sources */,
				C6DFD35E2D5B4DEA00B2A893 /* Alerts.swift in Sources */,
				C6DFD3882D5CB20A00B2A893 /* DetailsContentView.swift in Sources */,
				C6DFD3602D5B95DA00B2A893 /* LoadingView.swift in Sources */,
				C6DFD3252D58C54800B2A893 /* MainVC.swift in Sources */,
				C6DFD37E2D5C0BFA00B2A893 /* HapticFeedBackManager.swift in Sources */,
				C6DFD37B2D5BD12D00B2A893 /* ParkDetailsVC.swift in Sources */,
			);
			runOnlyForDeploymentPostprocessing = 0;
		};
/* End PBXSourcesBuildPhase section */

/* Begin PBXVariantGroup section */
		C6DFD31D2D58C54800B2A893 /* LaunchScreen.storyboard */ = {
			isa = PBXVariantGroup;
			children = (
				C6DFD31C2D58C54800B2A893 /* Base */,
			);
			name = LaunchScreen.storyboard;
			sourceTree = "<group>";
		};
		C6DFD36F2D5BC33500B2A893 /* Localizable.strings */ = {
			isa = PBXVariantGroup;
			children = (
				C6DFD3702D5BC33500B2A893 /* en */,
				C6DFD3762D5BC39800B2A893 /* tr */,
			);
			name = Localizable.strings;
			sourceTree = "<group>";
		};
/* End PBXVariantGroup section */

/* Begin XCBuildConfiguration section */
		C6DFD3142D58C52200B2A893 /* Debug */ = {
			isa = XCBuildConfiguration;
			buildSettings = {
				ASSETCATALOG_COMPILER_APPICON_NAME = AppIcon;
				ASSETCATALOG_COMPILER_GLOBAL_ACCENT_COLOR_NAME = AccentColor;
				CODE_SIGN_STYLE = Automatic;
				CURRENT_PROJECT_VERSION = 1;
				DEVELOPMENT_TEAM = DU4MNZ89TN;
				GENERATE_INFOPLIST_FILE = YES;
				INFOPLIST_FILE = FastPark/Resources/Info.plist;
				INFOPLIST_KEY_CFBundleDisplayName = "İstanbul Park";
				INFOPLIST_KEY_NSLocationAlwaysAndWhenInUseUsageDescription = "This app needs access to your location both in foreground and background.";
				INFOPLIST_KEY_NSLocationAlwaysUsageDescription = "This app requires continuous location access for better tracking.";
				INFOPLIST_KEY_NSLocationWhenInUseUsageDescription = "This app needs access to your location to show your position on the map.";
				INFOPLIST_KEY_UIApplicationSupportsIndirectInputEvents = YES;
				INFOPLIST_KEY_UILaunchStoryboardName = LaunchScreen;
				INFOPLIST_KEY_UISupportedInterfaceOrientations = UIInterfaceOrientationPortrait;
				INFOPLIST_KEY_UISupportedInterfaceOrientations_iPad = "UIInterfaceOrientationLandscapeLeft UIInterfaceOrientationLandscapeRight UIInterfaceOrientationPortrait UIInterfaceOrientationPortraitUpsideDown";
				IPHONEOS_DEPLOYMENT_TARGET = 13.0;
				LD_RUNPATH_SEARCH_PATHS = (
					"$(inherited)",
					"@executable_path/Frameworks",
				);
				MARKETING_VERSION = 1.1.1;
				PRODUCT_BUNDLE_IDENTIFIER = com.mertziya.FastPark;
				PRODUCT_NAME = "$(TARGET_NAME)";
				SUPPORTED_PLATFORMS = "iphoneos iphonesimulator";
				SUPPORTS_MACCATALYST = NO;
				SUPPORTS_MAC_DESIGNED_FOR_IPHONE_IPAD = NO;
				SUPPORTS_XR_DESIGNED_FOR_IPHONE_IPAD = NO;
				SWIFT_EMIT_LOC_STRINGS = YES;
				SWIFT_VERSION = 5.0;
				TARGETED_DEVICE_FAMILY = 1;
			};
			name = Debug;
		};
		C6DFD3152D58C52200B2A893 /* Release */ = {
			isa = XCBuildConfiguration;
			buildSettings = {
				ASSETCATALOG_COMPILER_APPICON_NAME = AppIcon;
				ASSETCATALOG_COMPILER_GLOBAL_ACCENT_COLOR_NAME = AccentColor;
				CODE_SIGN_STYLE = Automatic;
				CURRENT_PROJECT_VERSION = 1;
				DEVELOPMENT_TEAM = DU4MNZ89TN;
				GENERATE_INFOPLIST_FILE = YES;
				INFOPLIST_FILE = FastPark/Resources/Info.plist;
				INFOPLIST_KEY_CFBundleDisplayName = "İstanbul Park";
				INFOPLIST_KEY_NSLocationAlwaysAndWhenInUseUsageDescription = "This app needs access to your location both in foreground and background.";
				INFOPLIST_KEY_NSLocationAlwaysUsageDescription = "This app requires continuous location access for better tracking.";
				INFOPLIST_KEY_NSLocationWhenInUseUsageDescription = "This app needs access to your location to show your position on the map.";
				INFOPLIST_KEY_UIApplicationSupportsIndirectInputEvents = YES;
				INFOPLIST_KEY_UILaunchStoryboardName = LaunchScreen;
				INFOPLIST_KEY_UISupportedInterfaceOrientations = UIInterfaceOrientationPortrait;
				INFOPLIST_KEY_UISupportedInterfaceOrientations_iPad = "UIInterfaceOrientationLandscapeLeft UIInterfaceOrientationLandscapeRight UIInterfaceOrientationPortrait UIInterfaceOrientationPortraitUpsideDown";
				IPHONEOS_DEPLOYMENT_TARGET = 13.0;
				LD_RUNPATH_SEARCH_PATHS = (
					"$(inherited)",
					"@executable_path/Frameworks",
				);
				MARKETING_VERSION = 1.1.1;
				PRODUCT_BUNDLE_IDENTIFIER = com.mertziya.FastPark;
				PRODUCT_NAME = "$(TARGET_NAME)";
				SUPPORTED_PLATFORMS = "iphoneos iphonesimulator";
				SUPPORTS_MACCATALYST = NO;
				SUPPORTS_MAC_DESIGNED_FOR_IPHONE_IPAD = NO;
				SUPPORTS_XR_DESIGNED_FOR_IPHONE_IPAD = NO;
				SWIFT_EMIT_LOC_STRINGS = YES;
				SWIFT_VERSION = 5.0;
				TARGETED_DEVICE_FAMILY = 1;
			};
			name = Release;
		};
		C6DFD3162D58C52200B2A893 /* Debug */ = {
			isa = XCBuildConfiguration;
			buildSettings = {
				ALWAYS_SEARCH_USER_PATHS = NO;
				ASSETCATALOG_COMPILER_GENERATE_SWIFT_ASSET_SYMBOL_EXTENSIONS = YES;
				CLANG_ANALYZER_LOCALIZABILITY_NONLOCALIZED = YES;
				CLANG_ANALYZER_NONNULL = YES;
				CLANG_ANALYZER_NUMBER_OBJECT_CONVERSION = YES_AGGRESSIVE;
				CLANG_CXX_LANGUAGE_STANDARD = "gnu++20";
				CLANG_ENABLE_MODULES = YES;
				CLANG_ENABLE_OBJC_ARC = YES;
				CLANG_ENABLE_OBJC_WEAK = YES;
				CLANG_WARN_BLOCK_CAPTURE_AUTORELEASING = YES;
				CLANG_WARN_BOOL_CONVERSION = YES;
				CLANG_WARN_COMMA = YES;
				CLANG_WARN_CONSTANT_CONVERSION = YES;
				CLANG_WARN_DEPRECATED_OBJC_IMPLEMENTATIONS = YES;
				CLANG_WARN_DIRECT_OBJC_ISA_USAGE = YES_ERROR;
				CLANG_WARN_DOCUMENTATION_COMMENTS = YES;
				CLANG_WARN_EMPTY_BODY = YES;
				CLANG_WARN_ENUM_CONVERSION = YES;
				CLANG_WARN_INFINITE_RECURSION = YES;
				CLANG_WARN_INT_CONVERSION = YES;
				CLANG_WARN_NON_LITERAL_NULL_CONVERSION = YES;
				CLANG_WARN_OBJC_IMPLICIT_RETAIN_SELF = YES;
				CLANG_WARN_OBJC_LITERAL_CONVERSION = YES;
				CLANG_WARN_OBJC_ROOT_CLASS = YES_ERROR;
				CLANG_WARN_QUOTED_INCLUDE_IN_FRAMEWORK_HEADER = YES;
				CLANG_WARN_RANGE_LOOP_ANALYSIS = YES;
				CLANG_WARN_STRICT_PROTOTYPES = YES;
				CLANG_WARN_SUSPICIOUS_MOVE = YES;
				CLANG_WARN_UNGUARDED_AVAILABILITY = YES_AGGRESSIVE;
				CLANG_WARN_UNREACHABLE_CODE = YES;
				CLANG_WARN__DUPLICATE_METHOD_MATCH = YES;
				COPY_PHASE_STRIP = NO;
				DEBUG_INFORMATION_FORMAT = dwarf;
				ENABLE_STRICT_OBJC_MSGSEND = YES;
				ENABLE_TESTABILITY = YES;
				ENABLE_USER_SCRIPT_SANDBOXING = YES;
				GCC_C_LANGUAGE_STANDARD = gnu17;
				GCC_DYNAMIC_NO_PIC = NO;
				GCC_NO_COMMON_BLOCKS = YES;
				GCC_OPTIMIZATION_LEVEL = 0;
				GCC_PREPROCESSOR_DEFINITIONS = (
					"DEBUG=1",
					"$(inherited)",
				);
				GCC_WARN_64_TO_32_BIT_CONVERSION = YES;
				GCC_WARN_ABOUT_RETURN_TYPE = YES_ERROR;
				GCC_WARN_UNDECLARED_SELECTOR = YES;
				GCC_WARN_UNINITIALIZED_AUTOS = YES_AGGRESSIVE;
				GCC_WARN_UNUSED_FUNCTION = YES;
				GCC_WARN_UNUSED_VARIABLE = YES;
				IPHONEOS_DEPLOYMENT_TARGET = 18.1;
				LOCALIZATION_PREFERS_STRING_CATALOGS = YES;
				MTL_ENABLE_DEBUG_INFO = INCLUDE_SOURCE;
				MTL_FAST_MATH = YES;
				ONLY_ACTIVE_ARCH = YES;
				SDKROOT = iphoneos;
				SWIFT_ACTIVE_COMPILATION_CONDITIONS = "DEBUG $(inherited)";
				SWIFT_OPTIMIZATION_LEVEL = "-Onone";
			};
			name = Debug;
		};
		C6DFD3172D58C52200B2A893 /* Release */ = {
			isa = XCBuildConfiguration;
			buildSettings = {
				ALWAYS_SEARCH_USER_PATHS = NO;
				ASSETCATALOG_COMPILER_GENERATE_SWIFT_ASSET_SYMBOL_EXTENSIONS = YES;
				CLANG_ANALYZER_LOCALIZABILITY_NONLOCALIZED = YES;
				CLANG_ANALYZER_NONNULL = YES;
				CLANG_ANALYZER_NUMBER_OBJECT_CONVERSION = YES_AGGRESSIVE;
				CLANG_CXX_LANGUAGE_STANDARD = "gnu++20";
				CLANG_ENABLE_MODULES = YES;
				CLANG_ENABLE_OBJC_ARC = YES;
				CLANG_ENABLE_OBJC_WEAK = YES;
				CLANG_WARN_BLOCK_CAPTURE_AUTORELEASING = YES;
				CLANG_WARN_BOOL_CONVERSION = YES;
				CLANG_WARN_COMMA = YES;
				CLANG_WARN_CONSTANT_CONVERSION = YES;
				CLANG_WARN_DEPRECATED_OBJC_IMPLEMENTATIONS = YES;
				CLANG_WARN_DIRECT_OBJC_ISA_USAGE = YES_ERROR;
				CLANG_WARN_DOCUMENTATION_COMMENTS = YES;
				CLANG_WARN_EMPTY_BODY = YES;
				CLANG_WARN_ENUM_CONVERSION = YES;
				CLANG_WARN_INFINITE_RECURSION = YES;
				CLANG_WARN_INT_CONVERSION = YES;
				CLANG_WARN_NON_LITERAL_NULL_CONVERSION = YES;
				CLANG_WARN_OBJC_IMPLICIT_RETAIN_SELF = YES;
				CLANG_WARN_OBJC_LITERAL_CONVERSION = YES;
				CLANG_WARN_OBJC_ROOT_CLASS = YES_ERROR;
				CLANG_WARN_QUOTED_INCLUDE_IN_FRAMEWORK_HEADER = YES;
				CLANG_WARN_RANGE_LOOP_ANALYSIS = YES;
				CLANG_WARN_STRICT_PROTOTYPES = YES;
				CLANG_WARN_SUSPICIOUS_MOVE = YES;
				CLANG_WARN_UNGUARDED_AVAILABILITY = YES_AGGRESSIVE;
				CLANG_WARN_UNREACHABLE_CODE = YES;
				CLANG_WARN__DUPLICATE_METHOD_MATCH = YES;
				COPY_PHASE_STRIP = NO;
				DEBUG_INFORMATION_FORMAT = "dwarf-with-dsym";
				ENABLE_NS_ASSERTIONS = NO;
				ENABLE_STRICT_OBJC_MSGSEND = YES;
				ENABLE_USER_SCRIPT_SANDBOXING = YES;
				GCC_C_LANGUAGE_STANDARD = gnu17;
				GCC_NO_COMMON_BLOCKS = YES;
				GCC_WARN_64_TO_32_BIT_CONVERSION = YES;
				GCC_WARN_ABOUT_RETURN_TYPE = YES_ERROR;
				GCC_WARN_UNDECLARED_SELECTOR = YES;
				GCC_WARN_UNINITIALIZED_AUTOS = YES_AGGRESSIVE;
				GCC_WARN_UNUSED_FUNCTION = YES;
				GCC_WARN_UNUSED_VARIABLE = YES;
				IPHONEOS_DEPLOYMENT_TARGET = 18.1;
				LOCALIZATION_PREFERS_STRING_CATALOGS = YES;
				MTL_ENABLE_DEBUG_INFO = NO;
				MTL_FAST_MATH = YES;
				SDKROOT = iphoneos;
				SWIFT_COMPILATION_MODE = wholemodule;
				VALIDATE_PRODUCT = YES;
			};
			name = Release;
		};
/* End XCBuildConfiguration section */

/* Begin XCConfigurationList section */
		C6DFD2F82D58C52100B2A893 /* Build configuration list for PBXProject "FastPark" */ = {
			isa = XCConfigurationList;
			buildConfigurations = (
				C6DFD3162D58C52200B2A893 /* Debug */,
				C6DFD3172D58C52200B2A893 /* Release */,
			);
			defaultConfigurationIsVisible = 0;
			defaultConfigurationName = Release;
		};
		C6DFD3132D58C52200B2A893 /* Build configuration list for PBXNativeTarget "FastPark" */ = {
			isa = XCConfigurationList;
			buildConfigurations = (
				C6DFD3142D58C52200B2A893 /* Debug */,
				C6DFD3152D58C52200B2A893 /* Release */,
			);
			defaultConfigurationIsVisible = 0;
			defaultConfigurationName = Release;
		};
/* End XCConfigurationList section */
	};
	rootObject = C6DFD2F52D58C52100B2A893 /* Project object */;
}
